// !$*UTF8*$!
{
	archiveVersion = 1;
	classes = {
	};
	objectVersion = 46;
	objects = {

/* Begin PBXBuildFile section */
		078D69731C27E5F60014855D /* DataLoader.h in CopyFiles */ = {isa = PBXBuildFile; fileRef = 078D69721C27E5F60014855D /* DataLoader.h */; };
		078D69751C27E5F60014855D /* DataLoader.m in Sources */ = {isa = PBXBuildFile; fileRef = 078D69741C27E5F60014855D /* DataLoader.m */; };
		659B627D381C09EC92C5C83F /* MemCache.m in Sources */ = {isa = PBXBuildFile; fileRef = 659B634B7C8512C943F0ED92 /* MemCache.m */; };
		659B671E1EE578034187B0FE /* Task.m in Sources */ = {isa = PBXBuildFile; fileRef = 659B6D07E87FAF189CE17853 /* Task.m */; };
		659B6D777BC2D260A6190BD2 /* Result.m in Sources */ = {isa = PBXBuildFile; fileRef = 659B6FB9941021F0E4970E51 /* Result.m */; };
/* End PBXBuildFile section */

/* Begin PBXCopyFilesBuildPhase section */
		078D696D1C27E5F60014855D /* CopyFiles */ = {
			isa = PBXCopyFilesBuildPhase;
			buildActionMask = 2147483647;
			dstPath = "include/$(PRODUCT_NAME)";
			dstSubfolderSpec = 16;
			files = (
				078D69731C27E5F60014855D /* DataLoader.h in CopyFiles */,
			);
			runOnlyForDeploymentPostprocessing = 0;
		};
/* End PBXCopyFilesBuildPhase section */

/* Begin PBXFileReference section */
		078D696F1C27E5F60014855D /* libdata-loader.a */ = {isa = PBXFileReference; explicitFileType = archive.ar; includeInIndex = 0; path = "libdata-loader.a"; sourceTree = BUILT_PRODUCTS_DIR; };
		078D69721C27E5F60014855D /* DataLoader.h */ = {isa = PBXFileReference; lastKnownFileType = sourcecode.c.h; path = DataLoader.h; sourceTree = "<group>"; };
		078D69741C27E5F60014855D /* DataLoader.m */ = {isa = PBXFileReference; lastKnownFileType = sourcecode.c.objc; path = DataLoader.m; sourceTree = "<group>"; };
		078D697B1C27E73B0014855D /* DataProvider.h */ = {isa = PBXFileReference; fileEncoding = 4; lastKnownFileType = sourcecode.c.h; path = DataProvider.h; sourceTree = "<group>"; };
		659B634B7C8512C943F0ED92 /* MemCache.m */ = {isa = PBXFileReference; fileEncoding = 4; lastKnownFileType = sourcecode.c.objc; path = MemCache.m; sourceTree = "<group>"; };
		659B656AFD652727D359D35D /* Result.h */ = {isa = PBXFileReference; fileEncoding = 4; lastKnownFileType = sourcecode.c.h; path = Result.h; sourceTree = "<group>"; };
		659B680DD7593900E900369A /* Task.h */ = {isa = PBXFileReference; fileEncoding = 4; lastKnownFileType = sourcecode.c.h; path = Task.h; sourceTree = "<group>"; };
		659B6B4886974E953B6CDDD8 /* LoadDelegate.h */ = {isa = PBXFileReference; fileEncoding = 4; lastKnownFileType = sourcecode.c.h; path = LoadDelegate.h; sourceTree = "<group>"; };
		659B6D07E87FAF189CE17853 /* Task.m */ = {isa = PBXFileReference; fileEncoding = 4; lastKnownFileType = sourcecode.c.objc; path = Task.m; sourceTree = "<group>"; };
		659B6FAE6914455085901DD9 /* MemCache.h */ = {isa = PBXFileReference; fileEncoding = 4; lastKnownFileType = sourcecode.c.h; path = MemCache.h; sourceTree = "<group>"; };
		659B6FB9941021F0E4970E51 /* Result.m */ = {isa = PBXFileReference; fileEncoding = 4; lastKnownFileType = sourcecode.c.objc; path = Result.m; sourceTree = "<group>"; };
/* End PBXFileReference section */

/* Begin PBXFrameworksBuildPhase section */
		078D696C1C27E5F60014855D /* Frameworks */ = {
			isa = PBXFrameworksBuildPhase;
			buildActionMask = 2147483647;
			files = (
			);
			runOnlyForDeploymentPostprocessing = 0;
		};
/* End PBXFrameworksBuildPhase section */

/* Begin PBXGroup section */
		078D69661C27E5F60014855D = {
			isa = PBXGroup;
			children = (
				078D69711C27E5F60014855D /* data-loader */,
				078D69701C27E5F60014855D /* Products */,
			);
			sourceTree = "<group>";
		};
		078D69701C27E5F60014855D /* Products */ = {
			isa = PBXGroup;
			children = (
				078D696F1C27E5F60014855D /* libdata-loader.a */,
			);
			name = Products;
			sourceTree = "<group>";
		};
		078D69711C27E5F60014855D /* data-loader */ = {
			isa = PBXGroup;
			children = (
				078D69721C27E5F60014855D /* DataLoader.h */,
				078D69741C27E5F60014855D /* DataLoader.m */,
				078D697B1C27E73B0014855D /* DataProvider.h */,
				659B6B4886974E953B6CDDD8 /* LoadDelegate.h */,
				659B6FB9941021F0E4970E51 /* Result.m */,
				659B656AFD652727D359D35D /* Result.h */,
				659B6D07E87FAF189CE17853 /* Task.m */,
				659B680DD7593900E900369A /* Task.h */,
				659B634B7C8512C943F0ED92 /* MemCache.m */,
				659B6FAE6914455085901DD9 /* MemCache.h */,
			);
			path = "data-loader";
			sourceTree = "<group>";
		};
/* End PBXGroup section */

/* Begin PBXNativeTarget section */
		078D696E1C27E5F60014855D /* data-loader */ = {
			isa = PBXNativeTarget;
			buildConfigurationList = 078D69781C27E5F60014855D /* Build configuration list for PBXNativeTarget "data-loader" */;
			buildPhases = (
				078D696B1C27E5F60014855D /* Sources */,
				078D696C1C27E5F60014855D /* Frameworks */,
				078D696D1C27E5F60014855D /* CopyFiles */,
			);
			buildRules = (
			);
			dependencies = (
			);
			name = "data-loader";
			productName = "data-loader";
			productReference = 078D696F1C27E5F60014855D /* libdata-loader.a */;
			productType = "com.apple.product-type.library.static";
		};
/* End PBXNativeTarget section */

/* Begin PBXProject section */
		078D69671C27E5F60014855D /* Project object */ = {
			isa = PBXProject;
			attributes = {
				LastUpgradeCheck = 0710;
				ORGANIZATIONNAME = "Predrag Cokulov";
				TargetAttributes = {
					078D696E1C27E5F60014855D = {
						CreatedOnToolsVersion = 7.1.1;
					};
				};
			};
			buildConfigurationList = 078D696A1C27E5F60014855D /* Build configuration list for PBXProject "data-loader" */;
			compatibilityVersion = "Xcode 3.2";
			developmentRegion = English;
			hasScannedForEncodings = 0;
			knownRegions = (
				en,
			);
			mainGroup = 078D69661C27E5F60014855D;
			productRefGroup = 078D69701C27E5F60014855D /* Products */;
			projectDirPath = "";
			projectRoot = "";
			targets = (
				078D696E1C27E5F60014855D /* data-loader */,
			);
		};
/* End PBXProject section */

/* Begin PBXSourcesBuildPhase section */
		078D696B1C27E5F60014855D /* Sources */ = {
			isa = PBXSourcesBuildPhase;
			buildActionMask = 2147483647;
			files = (
				078D69751C27E5F60014855D /* DataLoader.m in Sources */,
				659B6D777BC2D260A6190BD2 /* Result.m in Sources */,
				659B671E1EE578034187B0FE /* Task.m in Sources */,
				659B627D381C09EC92C5C83F /* MemCache.m in Sources */,
			);
			runOnlyForDeploymentPostprocessing = 0;
		};
/* End PBXSourcesBuildPhase section */

/* Begin XCBuildConfiguration section */
		078D69761C27E5F60014855D /* Debug */ = {
			isa = XCBuildConfiguration;
			buildSettings = {
				ALWAYS_SEARCH_USER_PATHS = NO;
				CLANG_CXX_LANGUAGE_STANDARD = "gnu++0x";
				CLANG_CXX_LIBRARY = "libc++";
				CLANG_ENABLE_MODULES = YES;
				CLANG_ENABLE_OBJC_ARC = YES;
				CLANG_WARN_BOOL_CONVERSION = YES;
				CLANG_WARN_CONSTANT_CONVERSION = YES;
				CLANG_WARN_DIRECT_OBJC_ISA_USAGE = YES_ERROR;
				CLANG_WARN_EMPTY_BODY = YES;
				CLANG_WARN_ENUM_CONVERSION = YES;
				CLANG_WARN_INT_CONVERSION = YES;
				CLANG_WARN_OBJC_ROOT_CLASS = YES_ERROR;
				CLANG_WARN_UNREACHABLE_CODE = YES;
				CLANG_WARN__DUPLICATE_METHOD_MATCH = YES;
				"CODE_SIGN_IDENTITY[sdk=iphoneos*]" = "iPhone Developer";
				COPY_PHASE_STRIP = NO;
				DEBUG_INFORMATION_FORMAT = dwarf;
				ENABLE_STRICT_OBJC_MSGSEND = YES;
				ENABLE_TESTABILITY = YES;
				GCC_C_LANGUAGE_STANDARD = gnu99;
				GCC_DYNAMIC_NO_PIC = NO;
				GCC_NO_COMMON_BLOCKS = YES;
				GCC_OPTIMIZATION_LEVEL = 0;
				GCC_PREPROCESSOR_DEFINITIONS = (
					"DEBUG=1",
					"$(inherited)",
				);
				GCC_WARN_64_TO_32_BIT_CONVERSION = YES;
				GCC_WARN_ABOUT_RETURN_TYPE = YES_ERROR;
				GCC_WARN_UNDECLARED_SELECTOR = YES;
				GCC_WARN_UNINITIALIZED_AUTOS = YES_AGGRESSIVE;
				GCC_WARN_UNUSED_FUNCTION = YES;
				GCC_WARN_UNUSED_VARIABLE = YES;
				IPHONEOS_DEPLOYMENT_TARGET = 9.1;
				MTL_ENABLE_DEBUG_INFO = YES;
				ONLY_ACTIVE_ARCH = YES;
				SDKROOT = iphoneos;
			};
			name = Debug;
		};
		078D69771C27E5F60014855D /* Release */ = {
			isa = XCBuildConfiguration;
			buildSettings = {
				ALWAYS_SEARCH_USER_PATHS = NO;
				CLANG_CXX_LANGUAGE_STANDARD = "gnu++0x";
				CLANG_CXX_LIBRARY = "libc++";
				CLANG_ENABLE_MODULES = YES;
				CLANG_ENABLE_OBJC_ARC = YES;
				CLANG_WARN_BOOL_CONVERSION = YES;
				CLANG_WARN_CONSTANT_CONVERSION = YES;
				CLANG_WARN_DIRECT_OBJC_ISA_USAGE = YES_ERROR;
				CLANG_WARN_EMPTY_BODY = YES;
				CLANG_WARN_ENUM_CONVERSION = YES;
				CLANG_WARN_INT_CONVERSION = YES;
				CLANG_WARN_OBJC_ROOT_CLASS = YES_ERROR;
				CLANG_WARN_UNREACHABLE_CODE = YES;
				CLANG_WARN__DUPLICATE_METHOD_MATCH = YES;
				"CODE_SIGN_IDENTITY[sdk=iphoneos*]" = "iPhone Developer";
				COPY_PHASE_STRIP = NO;
				DEBUG_INFORMATION_FORMAT = "dwarf-with-dsym";
				ENABLE_NS_ASSERTIONS = NO;
				ENABLE_STRICT_OBJC_MSGSEND = YES;
				GCC_C_LANGUAGE_STANDARD = gnu99;
				GCC_NO_COMMON_BLOCKS = YES;
				GCC_WARN_64_TO_32_BIT_CONVERSION = YES;
				GCC_WARN_ABOUT_RETURN_TYPE = YES_ERROR;
				GCC_WARN_UNDECLARED_SELECTOR = YES;
				GCC_WARN_UNINITIALIZED_AUTOS = YES_AGGRESSIVE;
				GCC_WARN_UNUSED_FUNCTION = YES;
				GCC_WARN_UNUSED_VARIABLE = YES;
				IPHONEOS_DEPLOYMENT_TARGET = 9.1;
				MTL_ENABLE_DEBUG_INFO = NO;
				SDKROOT = iphoneos;
				VALIDATE_PRODUCT = YES;
			};
			name = Release;
		};
		078D69791C27E5F60014855D /* Debug */ = {
			isa = XCBuildConfiguration;
			buildSettings = {
				OTHER_LDFLAGS = "-ObjC";
				PRODUCT_NAME = "$(TARGET_NAME)";
				SKIP_INSTALL = YES;
			};
			name = Debug;
		};
		078D697A1C27E5F60014855D /* Release */ = {
			isa = XCBuildConfiguration;
			buildSettings = {
				OTHER_LDFLAGS = "-ObjC";
				PRODUCT_NAME = "$(TARGET_NAME)";
				SKIP_INSTALL = YES;
			};
			name = Release;
		};
/* End XCBuildConfiguration section */

/* Begin XCConfigurationList section */
		078D696A1C27E5F60014855D /* Build configuration list for PBXProject "data-loader" */ = {
			isa = XCConfigurationList;
			buildConfigurations = (
				078D69761C27E5F60014855D /* Debug */,
				078D69771C27E5F60014855D /* Release */,
			);
			defaultConfigurationIsVisible = 0;
			defaultConfigurationName = Release;
		};
		078D69781C27E5F60014855D /* Build configuration list for PBXNativeTarget "data-loader" */ = {
			isa = XCConfigurationList;
			buildConfigurations = (
				078D69791C27E5F60014855D /* Debug */,
				078D697A1C27E5F60014855D /* Release */,
			);
			defaultConfigurationIsVisible = 0;
		};
/* End XCConfigurationList section */
	};
	rootObject = 078D69671C27E5F60014855D /* Project object */;
}
